
Microsoft Visual Studio Solution File, Format Version 12.00
# Visual Studio Version 17
VisualStudioVersion = 17.0.31825.309
MinimumVisualStudioVersion = 10.0.40219.1
Project("{9A19103F-16F7-4668-BE54-9A1E7A4F7556}") = "FarseerPhysics", "Source Codes\FarseerPhysics\FarseerPhysics.csproj", "{AEB356BC-7292-4DF2-B523-732F0CCD9FDE}"
EndProject
Project("{9A19103F-16F7-4668-BE54-9A1E7A4F7556}") = "UndoRedoFramework", "Source Codes\UndoRedoFramework\UndoRedoFramework.csproj", "{CA3EA4C8-1B02-4BB6-9EF5-76B4F396D6E3}"
EndProject
Project("{9A19103F-16F7-4668-BE54-9A1E7A4F7556}") = "Core.Data", "Source Codes\Core.Data\Core.Data.csproj", "{6568B013-15C3-40AA-90FB-7B6006F0DE0B}"
EndProject
Project("{D954291E-2A0B-460D-934E-DC6B0785DB48}") = "FarseerPhysicsView", "Source Codes\FarseerPhysicsView\FarseerPhysicsView.shproj", "{A0CDBD0E-3A41-42B7-9425-A838BC2C7383}"
EndProject
Project("{9A19103F-16F7-4668-BE54-9A1E7A4F7556}") = "2DWorldCore", "Source Codes\2DWorldCore\2DWorldCore.csproj", "{676C698C-C076-4499-ACED-0899DAB458D6}"
EndProject
Project("{9A19103F-16F7-4668-BE54-9A1E7A4F7556}") = "Storage", "Source Codes\Storage\Storage.csproj", "{2955F717-4E95-4822-9701-602EBCA6795F}"
EndProject
Project("{9A19103F-16F7-4668-BE54-9A1E7A4F7556}") = "MGCore", "Source Codes\MGCore\MGCore.csproj", "{615F8079-6339-4A60-A236-6845CD6221F2}"
EndProject
Project("{9A19103F-16F7-4668-BE54-9A1E7A4F7556}") = "Core.Game.MG", "Source Codes\Core.Game.MG\Core.Game.MG.csproj", "{984D74FE-EF69-4DCB-8163-D9A2EF9E0020}"
EndProject
Project("{9A19103F-16F7-4668-BE54-9A1E7A4F7556}") = "2DWorldXConsole", "Source Codes\2DWorldXConsole\2DWorldXConsole.csproj", "{AC48A1F1-8452-4003-9417-41CC46A4DA5B}"
EndProject
Project("{9A19103F-16F7-4668-BE54-9A1E7A4F7556}") = "2DWorldNet6Win", "Source Codes\2DWorldNet6DX\2DWorldNet6Win.csproj", "{E8FC158C-0BB0-4E8D-B79E-6FC52C0A3623}"
EndProject
Project("{9A19103F-16F7-4668-BE54-9A1E7A4F7556}") = "BenchmarkTests", "BenchmarkTests\BenchmarkTests.csproj", "{2E5D8CC1-304A-400D-A35B-4D6024CB057E}"
EndProject
Global
	GlobalSection(SharedMSBuildProjectFiles) = preSolution
		Source Codes\FarseerPhysicsView\FarseerPhysicsView.MG.projitems*{a0cdbd0e-3a41-42b7-9425-a838bc2c7383}*SharedItemsImports = 13
	EndGlobalSection
	GlobalSection(SolutionConfigurationPlatforms) = preSolution
		Debug|Any CPU = Debug|Any CPU
		Debug|ARM = Debug|ARM
		Debug|ARM64 = Debug|ARM64
		Debug|Mixed Platforms = Debug|Mixed Platforms
		Debug|x64 = Debug|x64
		Debug|x86 = Debug|x86
		Release|Any CPU = Release|Any CPU
		Release|ARM = Release|ARM
		Release|ARM64 = Release|ARM64
		Release|Mixed Platforms = Release|Mixed Platforms
		Release|x64 = Release|x64
		Release|x86 = Release|x86
		ReleasePdb|Any CPU = ReleasePdb|Any CPU
		ReleasePdb|ARM = ReleasePdb|ARM
		ReleasePdb|ARM64 = ReleasePdb|ARM64
		ReleasePdb|Mixed Platforms = ReleasePdb|Mixed Platforms
		ReleasePdb|x64 = ReleasePdb|x64
		ReleasePdb|x86 = ReleasePdb|x86
	EndGlobalSection
	GlobalSection(ProjectConfigurationPlatforms) = postSolution
		{AEB356BC-7292-4DF2-B523-732F0CCD9FDE}.Debug|Any CPU.ActiveCfg = Debug|Any CPU
		{AEB356BC-7292-4DF2-B523-732F0CCD9FDE}.Debug|Any CPU.Build.0 = Debug|Any CPU
		{AEB356BC-7292-4DF2-B523-732F0CCD9FDE}.Debug|ARM.ActiveCfg = Debug|Any CPU
		{AEB356BC-7292-4DF2-B523-732F0CCD9FDE}.Debug|ARM.Build.0 = Debug|Any CPU
		{AEB356BC-7292-4DF2-B523-732F0CCD9FDE}.Debug|ARM64.ActiveCfg = Debug|Any CPU
		{AEB356BC-7292-4DF2-B523-732F0CCD9FDE}.Debug|ARM64.Build.0 = Debug|Any CPU
		{AEB356BC-7292-4DF2-B523-732F0CCD9FDE}.Debug|Mixed Platforms.ActiveCfg = Debug|Any CPU
		{AEB356BC-7292-4DF2-B523-732F0CCD9FDE}.Debug|Mixed Platforms.Build.0 = Debug|Any CPU
		{AEB356BC-7292-4DF2-B523-732F0CCD9FDE}.Debug|x64.ActiveCfg = Debug|Any CPU
		{AEB356BC-7292-4DF2-B523-732F0CCD9FDE}.Debug|x64.Build.0 = Debug|Any CPU
		{AEB356BC-7292-4DF2-B523-732F0CCD9FDE}.Debug|x86.ActiveCfg = Debug|Any CPU
		{AEB356BC-7292-4DF2-B523-732F0CCD9FDE}.Debug|x86.Build.0 = Debug|Any CPU
		{AEB356BC-7292-4DF2-B523-732F0CCD9FDE}.Release|Any CPU.ActiveCfg = Release|Any CPU
		{AEB356BC-7292-4DF2-B523-732F0CCD9FDE}.Release|Any CPU.Build.0 = Release|Any CPU
		{AEB356BC-7292-4DF2-B523-732F0CCD9FDE}.Release|ARM.ActiveCfg = Release|Any CPU
		{AEB356BC-7292-4DF2-B523-732F0CCD9FDE}.Release|ARM.Build.0 = Release|Any CPU
		{AEB356BC-7292-4DF2-B523-732F0CCD9FDE}.Release|ARM64.ActiveCfg = Release|Any CPU
		{AEB356BC-7292-4DF2-B523-732F0CCD9FDE}.Release|ARM64.Build.0 = Release|Any CPU
		{AEB356BC-7292-4DF2-B523-732F0CCD9FDE}.Release|Mixed Platforms.ActiveCfg = Release|Any CPU
		{AEB356BC-7292-4DF2-B523-732F0CCD9FDE}.Release|Mixed Platforms.Build.0 = Release|Any CPU
		{AEB356BC-7292-4DF2-B523-732F0CCD9FDE}.Release|x64.ActiveCfg = Release|Any CPU
		{AEB356BC-7292-4DF2-B523-732F0CCD9FDE}.Release|x64.Build.0 = Release|Any CPU
		{AEB356BC-7292-4DF2-B523-732F0CCD9FDE}.Release|x86.ActiveCfg = Release|Any CPU
		{AEB356BC-7292-4DF2-B523-732F0CCD9FDE}.Release|x86.Build.0 = Release|Any CPU
		{AEB356BC-7292-4DF2-B523-732F0CCD9FDE}.ReleasePdb|Any CPU.ActiveCfg = ReleasePdb|Any CPU
		{AEB356BC-7292-4DF2-B523-732F0CCD9FDE}.ReleasePdb|Any CPU.Build.0 = ReleasePdb|Any CPU
		{AEB356BC-7292-4DF2-B523-732F0CCD9FDE}.ReleasePdb|ARM.ActiveCfg = ReleasePdb|Any CPU
		{AEB356BC-7292-4DF2-B523-732F0CCD9FDE}.ReleasePdb|ARM.Build.0 = ReleasePdb|Any CPU
		{AEB356BC-7292-4DF2-B523-732F0CCD9FDE}.ReleasePdb|ARM64.ActiveCfg = ReleasePdb|Any CPU
		{AEB356BC-7292-4DF2-B523-732F0CCD9FDE}.ReleasePdb|ARM64.Build.0 = ReleasePdb|Any CPU
		{AEB356BC-7292-4DF2-B523-732F0CCD9FDE}.ReleasePdb|Mixed Platforms.ActiveCfg = ReleasePdb|Any CPU
		{AEB356BC-7292-4DF2-B523-732F0CCD9FDE}.ReleasePdb|Mixed Platforms.Build.0 = ReleasePdb|Any CPU
		{AEB356BC-7292-4DF2-B523-732F0CCD9FDE}.ReleasePdb|x64.ActiveCfg = ReleasePdb|Any CPU
		{AEB356BC-7292-4DF2-B523-732F0CCD9FDE}.ReleasePdb|x64.Build.0 = ReleasePdb|Any CPU
		{AEB356BC-7292-4DF2-B523-732F0CCD9FDE}.ReleasePdb|x86.ActiveCfg = ReleasePdb|Any CPU
		{AEB356BC-7292-4DF2-B523-732F0CCD9FDE}.ReleasePdb|x86.Build.0 = ReleasePdb|Any CPU
		{CA3EA4C8-1B02-4BB6-9EF5-76B4F396D6E3}.Debug|Any CPU.ActiveCfg = Debug|Any CPU
		{CA3EA4C8-1B02-4BB6-9EF5-76B4F396D6E3}.Debug|Any CPU.Build.0 = Debug|Any CPU
		{CA3EA4C8-1B02-4BB6-9EF5-76B4F396D6E3}.Debug|ARM.ActiveCfg = Debug|Any CPU
		{CA3EA4C8-1B02-4BB6-9EF5-76B4F396D6E3}.Debug|ARM.Build.0 = Debug|Any CPU
		{CA3EA4C8-1B02-4BB6-9EF5-76B4F396D6E3}.Debug|ARM64.ActiveCfg = Debug|Any CPU
		{CA3EA4C8-1B02-4BB6-9EF5-76B4F396D6E3}.Debug|ARM64.Build.0 = Debug|Any CPU
		{CA3EA4C8-1B02-4BB6-9EF5-76B4F396D6E3}.Debug|Mixed Platforms.ActiveCfg = Debug|Any CPU
		{CA3EA4C8-1B02-4BB6-9EF5-76B4F396D6E3}.Debug|Mixed Platforms.Build.0 = Debug|Any CPU
		{CA3EA4C8-1B02-4BB6-9EF5-76B4F396D6E3}.Debug|x64.ActiveCfg = Debug|Any CPU
		{CA3EA4C8-1B02-4BB6-9EF5-76B4F396D6E3}.Debug|x64.Build.0 = Debug|Any CPU
		{CA3EA4C8-1B02-4BB6-9EF5-76B4F396D6E3}.Debug|x86.ActiveCfg = Debug|Any CPU
		{CA3EA4C8-1B02-4BB6-9EF5-76B4F396D6E3}.Debug|x86.Build.0 = Debug|Any CPU
		{CA3EA4C8-1B02-4BB6-9EF5-76B4F396D6E3}.Release|Any CPU.ActiveCfg = Release|Any CPU
		{CA3EA4C8-1B02-4BB6-9EF5-76B4F396D6E3}.Release|Any CPU.Build.0 = Release|Any CPU
		{CA3EA4C8-1B02-4BB6-9EF5-76B4F396D6E3}.Release|ARM.ActiveCfg = Release|Any CPU
		{CA3EA4C8-1B02-4BB6-9EF5-76B4F396D6E3}.Release|ARM.Build.0 = Release|Any CPU
		{CA3EA4C8-1B02-4BB6-9EF5-76B4F396D6E3}.Release|ARM64.ActiveCfg = Release|Any CPU
		{CA3EA4C8-1B02-4BB6-9EF5-76B4F396D6E3}.Release|ARM64.Build.0 = Release|Any CPU
		{CA3EA4C8-1B02-4BB6-9EF5-76B4F396D6E3}.Release|Mixed Platforms.ActiveCfg = Release|Any CPU
		{CA3EA4C8-1B02-4BB6-9EF5-76B4F396D6E3}.Release|Mixed Platforms.Build.0 = Release|Any CPU
		{CA3EA4C8-1B02-4BB6-9EF5-76B4F396D6E3}.Release|x64.ActiveCfg = Release|Any CPU
		{CA3EA4C8-1B02-4BB6-9EF5-76B4F396D6E3}.Release|x64.Build.0 = Release|Any CPU
		{CA3EA4C8-1B02-4BB6-9EF5-76B4F396D6E3}.Release|x86.ActiveCfg = Release|Any CPU
		{CA3EA4C8-1B02-4BB6-9EF5-76B4F396D6E3}.Release|x86.Build.0 = Release|Any CPU
		{CA3EA4C8-1B02-4BB6-9EF5-76B4F396D6E3}.ReleasePdb|Any CPU.ActiveCfg = ReleasePdb|Any CPU
		{CA3EA4C8-1B02-4BB6-9EF5-76B4F396D6E3}.ReleasePdb|Any CPU.Build.0 = ReleasePdb|Any CPU
		{CA3EA4C8-1B02-4BB6-9EF5-76B4F396D6E3}.ReleasePdb|ARM.ActiveCfg = ReleasePdb|Any CPU
		{CA3EA4C8-1B02-4BB6-9EF5-76B4F396D6E3}.ReleasePdb|ARM.Build.0 = ReleasePdb|Any CPU
		{CA3EA4C8-1B02-4BB6-9EF5-76B4F396D6E3}.ReleasePdb|ARM64.ActiveCfg = ReleasePdb|Any CPU
		{CA3EA4C8-1B02-4BB6-9EF5-76B4F396D6E3}.ReleasePdb|ARM64.Build.0 = ReleasePdb|Any CPU
		{CA3EA4C8-1B02-4BB6-9EF5-76B4F396D6E3}.ReleasePdb|Mixed Platforms.ActiveCfg = ReleasePdb|Any CPU
		{CA3EA4C8-1B02-4BB6-9EF5-76B4F396D6E3}.ReleasePdb|Mixed Platforms.Build.0 = ReleasePdb|Any CPU
		{CA3EA4C8-1B02-4BB6-9EF5-76B4F396D6E3}.ReleasePdb|x64.ActiveCfg = ReleasePdb|Any CPU
		{CA3EA4C8-1B02-4BB6-9EF5-76B4F396D6E3}.ReleasePdb|x64.Build.0 = ReleasePdb|Any CPU
		{CA3EA4C8-1B02-4BB6-9EF5-76B4F396D6E3}.ReleasePdb|x86.ActiveCfg = ReleasePdb|Any CPU
		{CA3EA4C8-1B02-4BB6-9EF5-76B4F396D6E3}.ReleasePdb|x86.Build.0 = ReleasePdb|Any CPU
		{6568B013-15C3-40AA-90FB-7B6006F0DE0B}.Debug|Any CPU.ActiveCfg = Debug|Any CPU
		{6568B013-15C3-40AA-90FB-7B6006F0DE0B}.Debug|Any CPU.Build.0 = Debug|Any CPU
		{6568B013-15C3-40AA-90FB-7B6006F0DE0B}.Debug|ARM.ActiveCfg = Debug|Any CPU
		{6568B013-15C3-40AA-90FB-7B6006F0DE0B}.Debug|ARM.Build.0 = Debug|Any CPU
		{6568B013-15C3-40AA-90FB-7B6006F0DE0B}.Debug|ARM64.ActiveCfg = Debug|Any CPU
		{6568B013-15C3-40AA-90FB-7B6006F0DE0B}.Debug|ARM64.Build.0 = Debug|Any CPU
		{6568B013-15C3-40AA-90FB-7B6006F0DE0B}.Debug|Mixed Platforms.ActiveCfg = Debug|Any CPU
		{6568B013-15C3-40AA-90FB-7B6006F0DE0B}.Debug|Mixed Platforms.Build.0 = Debug|Any CPU
		{6568B013-15C3-40AA-90FB-7B6006F0DE0B}.Debug|x64.ActiveCfg = Debug|Any CPU
		{6568B013-15C3-40AA-90FB-7B6006F0DE0B}.Debug|x64.Build.0 = Debug|Any CPU
		{6568B013-15C3-40AA-90FB-7B6006F0DE0B}.Debug|x86.ActiveCfg = Debug|Any CPU
		{6568B013-15C3-40AA-90FB-7B6006F0DE0B}.Debug|x86.Build.0 = Debug|Any CPU
		{6568B013-15C3-40AA-90FB-7B6006F0DE0B}.Release|Any CPU.ActiveCfg = Release|Any CPU
		{6568B013-15C3-40AA-90FB-7B6006F0DE0B}.Release|Any CPU.Build.0 = Release|Any CPU
		{6568B013-15C3-40AA-90FB-7B6006F0DE0B}.Release|ARM.ActiveCfg = Release|Any CPU
		{6568B013-15C3-40AA-90FB-7B6006F0DE0B}.Release|ARM.Build.0 = Release|Any CPU
		{6568B013-15C3-40AA-90FB-7B6006F0DE0B}.Release|ARM64.ActiveCfg = Release|Any CPU
		{6568B013-15C3-40AA-90FB-7B6006F0DE0B}.Release|ARM64.Build.0 = Release|Any CPU
		{6568B013-15C3-40AA-90FB-7B6006F0DE0B}.Release|Mixed Platforms.ActiveCfg = Release|Any CPU
		{6568B013-15C3-40AA-90FB-7B6006F0DE0B}.Release|Mixed Platforms.Build.0 = Release|Any CPU
		{6568B013-15C3-40AA-90FB-7B6006F0DE0B}.Release|x64.ActiveCfg = Release|Any CPU
		{6568B013-15C3-40AA-90FB-7B6006F0DE0B}.Release|x64.Build.0 = Release|Any CPU
		{6568B013-15C3-40AA-90FB-7B6006F0DE0B}.Release|x86.ActiveCfg = Release|Any CPU
		{6568B013-15C3-40AA-90FB-7B6006F0DE0B}.Release|x86.Build.0 = Release|Any CPU
		{6568B013-15C3-40AA-90FB-7B6006F0DE0B}.ReleasePdb|Any CPU.ActiveCfg = ReleasePdb|Any CPU
		{6568B013-15C3-40AA-90FB-7B6006F0DE0B}.ReleasePdb|Any CPU.Build.0 = ReleasePdb|Any CPU
		{6568B013-15C3-40AA-90FB-7B6006F0DE0B}.ReleasePdb|ARM.ActiveCfg = ReleasePdb|Any CPU
		{6568B013-15C3-40AA-90FB-7B6006F0DE0B}.ReleasePdb|ARM.Build.0 = ReleasePdb|Any CPU
		{6568B013-15C3-40AA-90FB-7B6006F0DE0B}.ReleasePdb|ARM64.ActiveCfg = ReleasePdb|Any CPU
		{6568B013-15C3-40AA-90FB-7B6006F0DE0B}.ReleasePdb|ARM64.Build.0 = ReleasePdb|Any CPU
		{6568B013-15C3-40AA-90FB-7B6006F0DE0B}.ReleasePdb|Mixed Platforms.ActiveCfg = ReleasePdb|Any CPU
		{6568B013-15C3-40AA-90FB-7B6006F0DE0B}.ReleasePdb|Mixed Platforms.Build.0 = ReleasePdb|Any CPU
		{6568B013-15C3-40AA-90FB-7B6006F0DE0B}.ReleasePdb|x64.ActiveCfg = ReleasePdb|Any CPU
		{6568B013-15C3-40AA-90FB-7B6006F0DE0B}.ReleasePdb|x64.Build.0 = ReleasePdb|Any CPU
		{6568B013-15C3-40AA-90FB-7B6006F0DE0B}.ReleasePdb|x86.ActiveCfg = ReleasePdb|Any CPU
		{6568B013-15C3-40AA-90FB-7B6006F0DE0B}.ReleasePdb|x86.Build.0 = ReleasePdb|Any CPU
		{676C698C-C076-4499-ACED-0899DAB458D6}.Debug|Any CPU.ActiveCfg = Debug|Any CPU
		{676C698C-C076-4499-ACED-0899DAB458D6}.Debug|Any CPU.Build.0 = Debug|Any CPU
		{676C698C-C076-4499-ACED-0899DAB458D6}.Debug|ARM.ActiveCfg = Debug|Any CPU
		{676C698C-C076-4499-ACED-0899DAB458D6}.Debug|ARM.Build.0 = Debug|Any CPU
		{676C698C-C076-4499-ACED-0899DAB458D6}.Debug|ARM64.ActiveCfg = Debug|Any CPU
		{676C698C-C076-4499-ACED-0899DAB458D6}.Debug|ARM64.Build.0 = Debug|Any CPU
		{676C698C-C076-4499-ACED-0899DAB458D6}.Debug|Mixed Platforms.ActiveCfg = Debug|Any CPU
		{676C698C-C076-4499-ACED-0899DAB458D6}.Debug|Mixed Platforms.Build.0 = Debug|Any CPU
		{676C698C-C076-4499-ACED-0899DAB458D6}.Debug|x64.ActiveCfg = Debug|Any CPU
		{676C698C-C076-4499-ACED-0899DAB458D6}.Debug|x64.Build.0 = Debug|Any CPU
		{676C698C-C076-4499-ACED-0899DAB458D6}.Debug|x86.ActiveCfg = Debug|Any CPU
		{676C698C-C076-4499-ACED-0899DAB458D6}.Debug|x86.Build.0 = Debug|Any CPU
		{676C698C-C076-4499-ACED-0899DAB458D6}.Release|Any CPU.ActiveCfg = Release|Any CPU
		{676C698C-C076-4499-ACED-0899DAB458D6}.Release|Any CPU.Build.0 = Release|Any CPU
		{676C698C-C076-4499-ACED-0899DAB458D6}.Release|ARM.ActiveCfg = Release|Any CPU
		{676C698C-C076-4499-ACED-0899DAB458D6}.Release|ARM.Build.0 = Release|Any CPU
		{676C698C-C076-4499-ACED-0899DAB458D6}.Release|ARM64.ActiveCfg = Release|Any CPU
		{676C698C-C076-4499-ACED-0899DAB458D6}.Release|ARM64.Build.0 = Release|Any CPU
		{676C698C-C076-4499-ACED-0899DAB458D6}.Release|Mixed Platforms.ActiveCfg = Release|Any CPU
		{676C698C-C076-4499-ACED-0899DAB458D6}.Release|Mixed Platforms.Build.0 = Release|Any CPU
		{676C698C-C076-4499-ACED-0899DAB458D6}.Release|x64.ActiveCfg = Release|Any CPU
		{676C698C-C076-4499-ACED-0899DAB458D6}.Release|x64.Build.0 = Release|Any CPU
		{676C698C-C076-4499-ACED-0899DAB458D6}.Release|x86.ActiveCfg = Release|Any CPU
		{676C698C-C076-4499-ACED-0899DAB458D6}.Release|x86.Build.0 = Release|Any CPU
		{676C698C-C076-4499-ACED-0899DAB458D6}.ReleasePdb|Any CPU.ActiveCfg = ReleasePdb|Any CPU
		{676C698C-C076-4499-ACED-0899DAB458D6}.ReleasePdb|Any CPU.Build.0 = ReleasePdb|Any CPU
		{676C698C-C076-4499-ACED-0899DAB458D6}.ReleasePdb|ARM.ActiveCfg = ReleasePdb|Any CPU
		{676C698C-C076-4499-ACED-0899DAB458D6}.ReleasePdb|ARM.Build.0 = ReleasePdb|Any CPU
		{676C698C-C076-4499-ACED-0899DAB458D6}.ReleasePdb|ARM64.ActiveCfg = ReleasePdb|Any CPU
		{676C698C-C076-4499-ACED-0899DAB458D6}.ReleasePdb|ARM64.Build.0 = ReleasePdb|Any CPU
		{676C698C-C076-4499-ACED-0899DAB458D6}.ReleasePdb|Mixed Platforms.ActiveCfg = ReleasePdb|Any CPU
		{676C698C-C076-4499-ACED-0899DAB458D6}.ReleasePdb|Mixed Platforms.Build.0 = ReleasePdb|Any CPU
		{676C698C-C076-4499-ACED-0899DAB458D6}.ReleasePdb|x64.ActiveCfg = ReleasePdb|Any CPU
		{676C698C-C076-4499-ACED-0899DAB458D6}.ReleasePdb|x64.Build.0 = ReleasePdb|Any CPU
		{676C698C-C076-4499-ACED-0899DAB458D6}.ReleasePdb|x86.ActiveCfg = ReleasePdb|Any CPU
		{676C698C-C076-4499-ACED-0899DAB458D6}.ReleasePdb|x86.Build.0 = ReleasePdb|Any CPU
		{2955F717-4E95-4822-9701-602EBCA6795F}.Debug|Any CPU.ActiveCfg = Debug|Any CPU
		{2955F717-4E95-4822-9701-602EBCA6795F}.Debug|Any CPU.Build.0 = Debug|Any CPU
		{2955F717-4E95-4822-9701-602EBCA6795F}.Debug|ARM.ActiveCfg = Debug|Any CPU
		{2955F717-4E95-4822-9701-602EBCA6795F}.Debug|ARM.Build.0 = Debug|Any CPU
		{2955F717-4E95-4822-9701-602EBCA6795F}.Debug|ARM64.ActiveCfg = Debug|Any CPU
		{2955F717-4E95-4822-9701-602EBCA6795F}.Debug|ARM64.Build.0 = Debug|Any CPU
		{2955F717-4E95-4822-9701-602EBCA6795F}.Debug|Mixed Platforms.ActiveCfg = Debug|Any CPU
		{2955F717-4E95-4822-9701-602EBCA6795F}.Debug|Mixed Platforms.Build.0 = Debug|Any CPU
		{2955F717-4E95-4822-9701-602EBCA6795F}.Debug|x64.ActiveCfg = Debug|Any CPU
		{2955F717-4E95-4822-9701-602EBCA6795F}.Debug|x64.Build.0 = Debug|Any CPU
		{2955F717-4E95-4822-9701-602EBCA6795F}.Debug|x86.ActiveCfg = Debug|Any CPU
		{2955F717-4E95-4822-9701-602EBCA6795F}.Debug|x86.Build.0 = Debug|Any CPU
		{2955F717-4E95-4822-9701-602EBCA6795F}.Release|Any CPU.ActiveCfg = Release|Any CPU
		{2955F717-4E95-4822-9701-602EBCA6795F}.Release|Any CPU.Build.0 = Release|Any CPU
		{2955F717-4E95-4822-9701-602EBCA6795F}.Release|ARM.ActiveCfg = Release|Any CPU
		{2955F717-4E95-4822-9701-602EBCA6795F}.Release|ARM.Build.0 = Release|Any CPU
		{2955F717-4E95-4822-9701-602EBCA6795F}.Release|ARM64.ActiveCfg = Release|Any CPU
		{2955F717-4E95-4822-9701-602EBCA6795F}.Release|ARM64.Build.0 = Release|Any CPU
		{2955F717-4E95-4822-9701-602EBCA6795F}.Release|Mixed Platforms.ActiveCfg = Release|Any CPU
		{2955F717-4E95-4822-9701-602EBCA6795F}.Release|Mixed Platforms.Build.0 = Release|Any CPU
		{2955F717-4E95-4822-9701-602EBCA6795F}.Release|x64.ActiveCfg = Release|Any CPU
		{2955F717-4E95-4822-9701-602EBCA6795F}.Release|x64.Build.0 = Release|Any CPU
		{2955F717-4E95-4822-9701-602EBCA6795F}.Release|x86.ActiveCfg = Release|Any CPU
		{2955F717-4E95-4822-9701-602EBCA6795F}.Release|x86.Build.0 = Release|Any CPU
		{2955F717-4E95-4822-9701-602EBCA6795F}.ReleasePdb|Any CPU.ActiveCfg = ReleasePdb|Any CPU
		{2955F717-4E95-4822-9701-602EBCA6795F}.ReleasePdb|Any CPU.Build.0 = ReleasePdb|Any CPU
		{2955F717-4E95-4822-9701-602EBCA6795F}.ReleasePdb|ARM.ActiveCfg = ReleasePdb|Any CPU
		{2955F717-4E95-4822-9701-602EBCA6795F}.ReleasePdb|ARM.Build.0 = ReleasePdb|Any CPU
		{2955F717-4E95-4822-9701-602EBCA6795F}.ReleasePdb|ARM64.ActiveCfg = ReleasePdb|Any CPU
		{2955F717-4E95-4822-9701-602EBCA6795F}.ReleasePdb|ARM64.Build.0 = ReleasePdb|Any CPU
		{2955F717-4E95-4822-9701-602EBCA6795F}.ReleasePdb|Mixed Platforms.ActiveCfg = ReleasePdb|Any CPU
		{2955F717-4E95-4822-9701-602EBCA6795F}.ReleasePdb|Mixed Platforms.Build.0 = ReleasePdb|Any CPU
		{2955F717-4E95-4822-9701-602EBCA6795F}.ReleasePdb|x64.ActiveCfg = ReleasePdb|Any CPU
		{2955F717-4E95-4822-9701-602EBCA6795F}.ReleasePdb|x64.Build.0 = ReleasePdb|Any CPU
		{2955F717-4E95-4822-9701-602EBCA6795F}.ReleasePdb|x86.ActiveCfg = ReleasePdb|Any CPU
		{2955F717-4E95-4822-9701-602EBCA6795F}.ReleasePdb|x86.Build.0 = ReleasePdb|Any CPU
		{615F8079-6339-4A60-A236-6845CD6221F2}.Debug|Any CPU.ActiveCfg = Debug|Any CPU
		{615F8079-6339-4A60-A236-6845CD6221F2}.Debug|Any CPU.Build.0 = Debug|Any CPU
		{615F8079-6339-4A60-A236-6845CD6221F2}.Debug|ARM.ActiveCfg = Debug|Any CPU
		{615F8079-6339-4A60-A236-6845CD6221F2}.Debug|ARM.Build.0 = Debug|Any CPU
		{615F8079-6339-4A60-A236-6845CD6221F2}.Debug|ARM64.ActiveCfg = Debug|Any CPU
		{615F8079-6339-4A60-A236-6845CD6221F2}.Debug|ARM64.Build.0 = Debug|Any CPU
		{615F8079-6339-4A60-A236-6845CD6221F2}.Debug|Mixed Platforms.ActiveCfg = Debug|Any CPU
		{615F8079-6339-4A60-A236-6845CD6221F2}.Debug|Mixed Platforms.Build.0 = Debug|Any CPU
		{615F8079-6339-4A60-A236-6845CD6221F2}.Debug|x64.ActiveCfg = Debug|Any CPU
		{615F8079-6339-4A60-A236-6845CD6221F2}.Debug|x64.Build.0 = Debug|Any CPU
		{615F8079-6339-4A60-A236-6845CD6221F2}.Debug|x86.ActiveCfg = Debug|Any CPU
		{615F8079-6339-4A60-A236-6845CD6221F2}.Debug|x86.Build.0 = Debug|Any CPU
		{615F8079-6339-4A60-A236-6845CD6221F2}.Release|Any CPU.ActiveCfg = Release|Any CPU
		{615F8079-6339-4A60-A236-6845CD6221F2}.Release|Any CPU.Build.0 = Release|Any CPU
		{615F8079-6339-4A60-A236-6845CD6221F2}.Release|ARM.ActiveCfg = Release|Any CPU
		{615F8079-6339-4A60-A236-6845CD6221F2}.Release|ARM.Build.0 = Release|Any CPU
		{615F8079-6339-4A60-A236-6845CD6221F2}.Release|ARM64.ActiveCfg = Release|Any CPU
		{615F8079-6339-4A60-A236-6845CD6221F2}.Release|ARM64.Build.0 = Release|Any CPU
		{615F8079-6339-4A60-A236-6845CD6221F2}.Release|Mixed Platforms.ActiveCfg = Release|Any CPU
		{615F8079-6339-4A60-A236-6845CD6221F2}.Release|Mixed Platforms.Build.0 = Release|Any CPU
		{615F8079-6339-4A60-A236-6845CD6221F2}.Release|x64.ActiveCfg = Release|Any CPU
		{615F8079-6339-4A60-A236-6845CD6221F2}.Release|x64.Build.0 = Release|Any CPU
		{615F8079-6339-4A60-A236-6845CD6221F2}.Release|x86.ActiveCfg = Release|Any CPU
		{615F8079-6339-4A60-A236-6845CD6221F2}.Release|x86.Build.0 = Release|Any CPU
		{615F8079-6339-4A60-A236-6845CD6221F2}.ReleasePdb|Any CPU.ActiveCfg = ReleasePdb|Any CPU
		{615F8079-6339-4A60-A236-6845CD6221F2}.ReleasePdb|Any CPU.Build.0 = ReleasePdb|Any CPU
		{615F8079-6339-4A60-A236-6845CD6221F2}.ReleasePdb|ARM.ActiveCfg = ReleasePdb|Any CPU
		{615F8079-6339-4A60-A236-6845CD6221F2}.ReleasePdb|ARM.Build.0 = ReleasePdb|Any CPU
		{615F8079-6339-4A60-A236-6845CD6221F2}.ReleasePdb|ARM64.ActiveCfg = ReleasePdb|Any CPU
		{615F8079-6339-4A60-A236-6845CD6221F2}.ReleasePdb|ARM64.Build.0 = ReleasePdb|Any CPU
		{615F8079-6339-4A60-A236-6845CD6221F2}.ReleasePdb|Mixed Platforms.ActiveCfg = ReleasePdb|Any CPU
		{615F8079-6339-4A60-A236-6845CD6221F2}.ReleasePdb|Mixed Platforms.Build.0 = ReleasePdb|Any CPU
		{615F8079-6339-4A60-A236-6845CD6221F2}.ReleasePdb|x64.ActiveCfg = ReleasePdb|Any CPU
		{615F8079-6339-4A60-A236-6845CD6221F2}.ReleasePdb|x64.Build.0 = ReleasePdb|Any CPU
		{615F8079-6339-4A60-A236-6845CD6221F2}.ReleasePdb|x86.ActiveCfg = ReleasePdb|Any CPU
		{615F8079-6339-4A60-A236-6845CD6221F2}.ReleasePdb|x86.Build.0 = ReleasePdb|Any CPU
		{984D74FE-EF69-4DCB-8163-D9A2EF9E0020}.Debug|Any CPU.ActiveCfg = Debug|Any CPU
		{984D74FE-EF69-4DCB-8163-D9A2EF9E0020}.Debug|Any CPU.Build.0 = Debug|Any CPU
		{984D74FE-EF69-4DCB-8163-D9A2EF9E0020}.Debug|ARM.ActiveCfg = Debug|Any CPU
		{984D74FE-EF69-4DCB-8163-D9A2EF9E0020}.Debug|ARM.Build.0 = Debug|Any CPU
		{984D74FE-EF69-4DCB-8163-D9A2EF9E0020}.Debug|ARM64.ActiveCfg = Debug|Any CPU
		{984D74FE-EF69-4DCB-8163-D9A2EF9E0020}.Debug|ARM64.Build.0 = Debug|Any CPU
		{984D74FE-EF69-4DCB-8163-D9A2EF9E0020}.Debug|Mixed Platforms.ActiveCfg = Debug|Any CPU
		{984D74FE-EF69-4DCB-8163-D9A2EF9E0020}.Debug|Mixed Platforms.Build.0 = Debug|Any CPU
		{984D74FE-EF69-4DCB-8163-D9A2EF9E0020}.Debug|x64.ActiveCfg = Debug|Any CPU
		{984D74FE-EF69-4DCB-8163-D9A2EF9E0020}.Debug|x64.Build.0 = Debug|Any CPU
		{984D74FE-EF69-4DCB-8163-D9A2EF9E0020}.Debug|x86.ActiveCfg = Debug|Any CPU
		{984D74FE-EF69-4DCB-8163-D9A2EF9E0020}.Debug|x86.Build.0 = Debug|Any CPU
		{984D74FE-EF69-4DCB-8163-D9A2EF9E0020}.Release|Any CPU.ActiveCfg = Release|Any CPU
		{984D74FE-EF69-4DCB-8163-D9A2EF9E0020}.Release|Any CPU.Build.0 = Release|Any CPU
		{984D74FE-EF69-4DCB-8163-D9A2EF9E0020}.Release|ARM.ActiveCfg = Release|Any CPU
		{984D74FE-EF69-4DCB-8163-D9A2EF9E0020}.Release|ARM.Build.0 = Release|Any CPU
		{984D74FE-EF69-4DCB-8163-D9A2EF9E0020}.Release|ARM64.ActiveCfg = Release|Any CPU
		{984D74FE-EF69-4DCB-8163-D9A2EF9E0020}.Release|ARM64.Build.0 = Release|Any CPU
		{984D74FE-EF69-4DCB-8163-D9A2EF9E0020}.Release|Mixed Platforms.ActiveCfg = Release|Any CPU
		{984D74FE-EF69-4DCB-8163-D9A2EF9E0020}.Release|Mixed Platforms.Build.0 = Release|Any CPU
		{984D74FE-EF69-4DCB-8163-D9A2EF9E0020}.Release|x64.ActiveCfg = Release|Any CPU
		{984D74FE-EF69-4DCB-8163-D9A2EF9E0020}.Release|x64.Build.0 = Release|Any CPU
		{984D74FE-EF69-4DCB-8163-D9A2EF9E0020}.Release|x86.ActiveCfg = Release|Any CPU
		{984D74FE-EF69-4DCB-8163-D9A2EF9E0020}.Release|x86.Build.0 = Release|Any CPU
		{984D74FE-EF69-4DCB-8163-D9A2EF9E0020}.ReleasePdb|Any CPU.ActiveCfg = ReleasePdb|Any CPU
		{984D74FE-EF69-4DCB-8163-D9A2EF9E0020}.ReleasePdb|Any CPU.Build.0 = ReleasePdb|Any CPU
		{984D74FE-EF69-4DCB-8163-D9A2EF9E0020}.ReleasePdb|ARM.ActiveCfg = ReleasePdb|Any CPU
		{984D74FE-EF69-4DCB-8163-D9A2EF9E0020}.ReleasePdb|ARM.Build.0 = ReleasePdb|Any CPU
		{984D74FE-EF69-4DCB-8163-D9A2EF9E0020}.ReleasePdb|ARM64.ActiveCfg = ReleasePdb|Any CPU
		{984D74FE-EF69-4DCB-8163-D9A2EF9E0020}.ReleasePdb|ARM64.Build.0 = ReleasePdb|Any CPU
		{984D74FE-EF69-4DCB-8163-D9A2EF9E0020}.ReleasePdb|Mixed Platforms.ActiveCfg = ReleasePdb|Any CPU
		{984D74FE-EF69-4DCB-8163-D9A2EF9E0020}.ReleasePdb|Mixed Platforms.Build.0 = ReleasePdb|Any CPU
		{984D74FE-EF69-4DCB-8163-D9A2EF9E0020}.ReleasePdb|x64.ActiveCfg = ReleasePdb|Any CPU
		{984D74FE-EF69-4DCB-8163-D9A2EF9E0020}.ReleasePdb|x64.Build.0 = ReleasePdb|Any CPU
		{984D74FE-EF69-4DCB-8163-D9A2EF9E0020}.ReleasePdb|x86.ActiveCfg = ReleasePdb|Any CPU
		{984D74FE-EF69-4DCB-8163-D9A2EF9E0020}.ReleasePdb|x86.Build.0 = ReleasePdb|Any CPU
		{AC48A1F1-8452-4003-9417-41CC46A4DA5B}.Debug|Any CPU.ActiveCfg = Debug|Any CPU
		{AC48A1F1-8452-4003-9417-41CC46A4DA5B}.Debug|Any CPU.Build.0 = Debug|Any CPU
		{AC48A1F1-8452-4003-9417-41CC46A4DA5B}.Debug|ARM.ActiveCfg = Debug|Any CPU
		{AC48A1F1-8452-4003-9417-41CC46A4DA5B}.Debug|ARM.Build.0 = Debug|Any CPU
		{AC48A1F1-8452-4003-9417-41CC46A4DA5B}.Debug|ARM64.ActiveCfg = Debug|Any CPU
		{AC48A1F1-8452-4003-9417-41CC46A4DA5B}.Debug|ARM64.Build.0 = Debug|Any CPU
		{AC48A1F1-8452-4003-9417-41CC46A4DA5B}.Debug|Mixed Platforms.ActiveCfg = Debug|Any CPU
		{AC48A1F1-8452-4003-9417-41CC46A4DA5B}.Debug|Mixed Platforms.Build.0 = Debug|Any CPU
		{AC48A1F1-8452-4003-9417-41CC46A4DA5B}.Debug|x64.ActiveCfg = Debug|Any CPU
		{AC48A1F1-8452-4003-9417-41CC46A4DA5B}.Debug|x64.Build.0 = Debug|Any CPU
		{AC48A1F1-8452-4003-9417-41CC46A4DA5B}.Debug|x86.ActiveCfg = Debug|Any CPU
		{AC48A1F1-8452-4003-9417-41CC46A4DA5B}.Debug|x86.Build.0 = Debug|Any CPU
		{AC48A1F1-8452-4003-9417-41CC46A4DA5B}.Release|Any CPU.ActiveCfg = Release|Any CPU
		{AC48A1F1-8452-4003-9417-41CC46A4DA5B}.Release|Any CPU.Build.0 = Release|Any CPU
		{AC48A1F1-8452-4003-9417-41CC46A4DA5B}.Release|ARM.ActiveCfg = Release|Any CPU
		{AC48A1F1-8452-4003-9417-41CC46A4DA5B}.Release|ARM.Build.0 = Release|Any CPU
		{AC48A1F1-8452-4003-9417-41CC46A4DA5B}.Release|ARM64.ActiveCfg = Release|Any CPU
		{AC48A1F1-8452-4003-9417-41CC46A4DA5B}.Release|ARM64.Build.0 = Release|Any CPU
		{AC48A1F1-8452-4003-9417-41CC46A4DA5B}.Release|Mixed Platforms.ActiveCfg = Release|Any CPU
		{AC48A1F1-8452-4003-9417-41CC46A4DA5B}.Release|Mixed Platforms.Build.0 = Release|Any CPU
		{AC48A1F1-8452-4003-9417-41CC46A4DA5B}.Release|x64.ActiveCfg = Release|Any CPU
		{AC48A1F1-8452-4003-9417-41CC46A4DA5B}.Release|x64.Build.0 = Release|Any CPU
		{AC48A1F1-8452-4003-9417-41CC46A4DA5B}.Release|x86.ActiveCfg = Release|Any CPU
		{AC48A1F1-8452-4003-9417-41CC46A4DA5B}.Release|x86.Build.0 = Release|Any CPU
		{AC48A1F1-8452-4003-9417-41CC46A4DA5B}.ReleasePdb|Any CPU.ActiveCfg = Release|Any CPU
		{AC48A1F1-8452-4003-9417-41CC46A4DA5B}.ReleasePdb|Any CPU.Build.0 = Release|Any CPU
		{AC48A1F1-8452-4003-9417-41CC46A4DA5B}.ReleasePdb|ARM.ActiveCfg = Release|Any CPU
		{AC48A1F1-8452-4003-9417-41CC46A4DA5B}.ReleasePdb|ARM.Build.0 = Release|Any CPU
		{AC48A1F1-8452-4003-9417-41CC46A4DA5B}.ReleasePdb|ARM64.ActiveCfg = Release|Any CPU
		{AC48A1F1-8452-4003-9417-41CC46A4DA5B}.ReleasePdb|ARM64.Build.0 = Release|Any CPU
		{AC48A1F1-8452-4003-9417-41CC46A4DA5B}.ReleasePdb|Mixed Platforms.ActiveCfg = Release|Any CPU
		{AC48A1F1-8452-4003-9417-41CC46A4DA5B}.ReleasePdb|Mixed Platforms.Build.0 = Release|Any CPU
		{AC48A1F1-8452-4003-9417-41CC46A4DA5B}.ReleasePdb|x64.ActiveCfg = Release|Any CPU
		{AC48A1F1-8452-4003-9417-41CC46A4DA5B}.ReleasePdb|x64.Build.0 = Release|Any CPU
		{AC48A1F1-8452-4003-9417-41CC46A4DA5B}.ReleasePdb|x86.ActiveCfg = Release|Any CPU
		{AC48A1F1-8452-4003-9417-41CC46A4DA5B}.ReleasePdb|x86.Build.0 = Release|Any CPU
		{E8FC158C-0BB0-4E8D-B79E-6FC52C0A3623}.Debug|Any CPU.ActiveCfg = Debug|Any CPU
		{E8FC158C-0BB0-4E8D-B79E-6FC52C0A3623}.Debug|Any CPU.Build.0 = Debug|Any CPU
		{E8FC158C-0BB0-4E8D-B79E-6FC52C0A3623}.Debug|ARM.ActiveCfg = Debug|Any CPU
		{E8FC158C-0BB0-4E8D-B79E-6FC52C0A3623}.Debug|ARM.Build.0 = Debug|Any CPU
		{E8FC158C-0BB0-4E8D-B79E-6FC52C0A3623}.Debug|ARM64.ActiveCfg = Debug|Any CPU
		{E8FC158C-0BB0-4E8D-B79E-6FC52C0A3623}.Debug|ARM64.Build.0 = Debug|Any CPU
		{E8FC158C-0BB0-4E8D-B79E-6FC52C0A3623}.Debug|Mixed Platforms.ActiveCfg = Debug|Any CPU
		{E8FC158C-0BB0-4E8D-B79E-6FC52C0A3623}.Debug|Mixed Platforms.Build.0 = Debug|Any CPU
		{E8FC158C-0BB0-4E8D-B79E-6FC52C0A3623}.Debug|x64.ActiveCfg = Debug|Any CPU
		{E8FC158C-0BB0-4E8D-B79E-6FC52C0A3623}.Debug|x64.Build.0 = Debug|Any CPU
		{E8FC158C-0BB0-4E8D-B79E-6FC52C0A3623}.Debug|x86.ActiveCfg = Debug|Any CPU
		{E8FC158C-0BB0-4E8D-B79E-6FC52C0A3623}.Debug|x86.Build.0 = Debug|Any CPU
		{E8FC158C-0BB0-4E8D-B79E-6FC52C0A3623}.Release|Any CPU.ActiveCfg = Release|Any CPU
		{E8FC158C-0BB0-4E8D-B79E-6FC52C0A3623}.Release|Any CPU.Build.0 = Release|Any CPU
		{E8FC158C-0BB0-4E8D-B79E-6FC52C0A3623}.Release|ARM.ActiveCfg = Release|Any CPU
		{E8FC158C-0BB0-4E8D-B79E-6FC52C0A3623}.Release|ARM.Build.0 = Release|Any CPU
		{E8FC158C-0BB0-4E8D-B79E-6FC52C0A3623}.Release|ARM64.ActiveCfg = Release|Any CPU
		{E8FC158C-0BB0-4E8D-B79E-6FC52C0A3623}.Release|ARM64.Build.0 = Release|Any CPU
		{E8FC158C-0BB0-4E8D-B79E-6FC52C0A3623}.Release|Mixed Platforms.ActiveCfg = Release|Any CPU
		{E8FC158C-0BB0-4E8D-B79E-6FC52C0A3623}.Release|Mixed Platforms.Build.0 = Release|Any CPU
		{E8FC158C-0BB0-4E8D-B79E-6FC52C0A3623}.Release|x64.ActiveCfg = Release|Any CPU
		{E8FC158C-0BB0-4E8D-B79E-6FC52C0A3623}.Release|x64.Build.0 = Release|Any CPU
		{E8FC158C-0BB0-4E8D-B79E-6FC52C0A3623}.Release|x86.ActiveCfg = Release|Any CPU
		{E8FC158C-0BB0-4E8D-B79E-6FC52C0A3623}.Release|x86.Build.0 = Release|Any CPU
		{E8FC158C-0BB0-4E8D-B79E-6FC52C0A3623}.ReleasePdb|Any CPU.ActiveCfg = Release|Any CPU
		{E8FC158C-0BB0-4E8D-B79E-6FC52C0A3623}.ReleasePdb|Any CPU.Build.0 = Release|Any CPU
		{E8FC158C-0BB0-4E8D-B79E-6FC52C0A3623}.ReleasePdb|ARM.ActiveCfg = Release|Any CPU
		{E8FC158C-0BB0-4E8D-B79E-6FC52C0A3623}.ReleasePdb|ARM.Build.0 = Release|Any CPU
		{E8FC158C-0BB0-4E8D-B79E-6FC52C0A3623}.ReleasePdb|ARM64.ActiveCfg = Release|Any CPU
		{E8FC158C-0BB0-4E8D-B79E-6FC52C0A3623}.ReleasePdb|ARM64.Build.0 = Release|Any CPU
		{E8FC158C-0BB0-4E8D-B79E-6FC52C0A3623}.ReleasePdb|Mixed Platforms.ActiveCfg = Release|Any CPU
		{E8FC158C-0BB0-4E8D-B79E-6FC52C0A3623}.ReleasePdb|Mixed Platforms.Build.0 = Release|Any CPU
		{E8FC158C-0BB0-4E8D-B79E-6FC52C0A3623}.ReleasePdb|x64.ActiveCfg = Release|Any CPU
		{E8FC158C-0BB0-4E8D-B79E-6FC52C0A3623}.ReleasePdb|x64.Build.0 = Release|Any CPU
		{E8FC158C-0BB0-4E8D-B79E-6FC52C0A3623}.ReleasePdb|x86.ActiveCfg = Release|Any CPU
		{E8FC158C-0BB0-4E8D-B79E-6FC52C0A3623}.ReleasePdb|x86.Build.0 = Release|Any CPU
		{2E5D8CC1-304A-400D-A35B-4D6024CB057E}.Debug|Any CPU.ActiveCfg = Debug|Any CPU
		{2E5D8CC1-304A-400D-A35B-4D6024CB057E}.Debug|Any CPU.Build.0 = Debug|Any CPU
		{2E5D8CC1-304A-400D-A35B-4D6024CB057E}.Debug|ARM.ActiveCfg = Debug|Any CPU
		{2E5D8CC1-304A-400D-A35B-4D6024CB057E}.Debug|ARM.Build.0 = Debug|Any CPU
		{2E5D8CC1-304A-400D-A35B-4D6024CB057E}.Debug|ARM64.ActiveCfg = Debug|Any CPU
		{2E5D8CC1-304A-400D-A35B-4D6024CB057E}.Debug|ARM64.Build.0 = Debug|Any CPU
		{2E5D8CC1-304A-400D-A35B-4D6024CB057E}.Debug|Mixed Platforms.ActiveCfg = Debug|Any CPU
		{2E5D8CC1-304A-400D-A35B-4D6024CB057E}.Debug|Mixed Platforms.Build.0 = Debug|Any CPU
		{2E5D8CC1-304A-400D-A35B-4D6024CB057E}.Debug|x64.ActiveCfg = Debug|Any CPU
		{2E5D8CC1-304A-400D-A35B-4D6024CB057E}.Debug|x64.Build.0 = Debug|Any CPU
		{2E5D8CC1-304A-400D-A35B-4D6024CB057E}.Debug|x86.ActiveCfg = Debug|Any CPU
		{2E5D8CC1-304A-400D-A35B-4D6024CB057E}.Debug|x86.Build.0 = Debug|Any CPU
		{2E5D8CC1-304A-400D-A35B-4D6024CB057E}.Release|Any CPU.ActiveCfg = Release|Any CPU
		{2E5D8CC1-304A-400D-A35B-4D6024CB057E}.Release|Any CPU.Build.0 = Release|Any CPU
		{2E5D8CC1-304A-400D-A35B-4D6024CB057E}.Release|ARM.ActiveCfg = Release|Any CPU
		{2E5D8CC1-304A-400D-A35B-4D6024CB057E}.Release|ARM.Build.0 = Release|Any CPU
		{2E5D8CC1-304A-400D-A35B-4D6024CB057E}.Release|ARM64.ActiveCfg = Release|Any CPU
		{2E5D8CC1-304A-400D-A35B-4D6024CB057E}.Release|ARM64.Build.0 = Release|Any CPU
		{2E5D8CC1-304A-400D-A35B-4D6024CB057E}.Release|Mixed Platforms.ActiveCfg = Release|Any CPU
		{2E5D8CC1-304A-400D-A35B-4D6024CB057E}.Release|Mixed Platforms.Build.0 = Release|Any CPU
		{2E5D8CC1-304A-400D-A35B-4D6024CB057E}.Release|x64.ActiveCfg = Release|Any CPU
		{2E5D8CC1-304A-400D-A35B-4D6024CB057E}.Release|x64.Build.0 = Release|Any CPU
		{2E5D8CC1-304A-400D-A35B-4D6024CB057E}.Release|x86.ActiveCfg = Release|Any CPU
		{2E5D8CC1-304A-400D-A35B-4D6024CB057E}.Release|x86.Build.0 = Release|Any CPU
		{2E5D8CC1-304A-400D-A35B-4D6024CB057E}.ReleasePdb|Any CPU.ActiveCfg = Release|Any CPU
		{2E5D8CC1-304A-400D-A35B-4D6024CB057E}.ReleasePdb|Any CPU.Build.0 = Release|Any CPU
		{2E5D8CC1-304A-400D-A35B-4D6024CB057E}.ReleasePdb|ARM.ActiveCfg = Release|Any CPU
		{2E5D8CC1-304A-400D-A35B-4D6024CB057E}.ReleasePdb|ARM.Build.0 = Release|Any CPU
		{2E5D8CC1-304A-400D-A35B-4D6024CB057E}.ReleasePdb|ARM64.ActiveCfg = Release|Any CPU
		{2E5D8CC1-304A-400D-A35B-4D6024CB057E}.ReleasePdb|ARM64.Build.0 = Release|Any CPU
		{2E5D8CC1-304A-400D-A35B-4D6024CB057E}.ReleasePdb|Mixed Platforms.ActiveCfg = Release|Any CPU
		{2E5D8CC1-304A-400D-A35B-4D6024CB057E}.ReleasePdb|Mixed Platforms.Build.0 = Release|Any CPU
		{2E5D8CC1-304A-400D-A35B-4D6024CB057E}.ReleasePdb|x64.ActiveCfg = Release|Any CPU
		{2E5D8CC1-304A-400D-A35B-4D6024CB057E}.ReleasePdb|x64.Build.0 = Release|Any CPU
		{2E5D8CC1-304A-400D-A35B-4D6024CB057E}.ReleasePdb|x86.ActiveCfg = Release|Any CPU
		{2E5D8CC1-304A-400D-A35B-4D6024CB057E}.ReleasePdb|x86.Build.0 = Release|Any CPU
	EndGlobalSection
	GlobalSection(SolutionProperties) = preSolution
		HideSolutionNode = FALSE
	EndGlobalSection
	GlobalSection(ExtensibilityGlobals) = postSolution
		SolutionGuid = {E2FE1B74-5CF5-4018-AECE-39B0BF226543}
	EndGlobalSection
EndGlobal
